
Microsoft Visual Studio Solution File, Format Version 12.00
# Visual Studio Version 16
VisualStudioVersion = 16.0.31515.178
MinimumVisualStudioVersion = 10.0.40219.1
Project("{FAE04EC0-301F-11D3-BF4B-00C04F79EFBC}") = "TodoApp", "TodoApp\TodoApp.csproj", "{68C2F5A9-303D-4679-BD47-F77EB84448BC}"
EndProject
Global
	GlobalSection(SolutionConfigurationPlatforms) = preSolution
		Debug|Any CPU = Debug|Any CPU
		Release|Any CPU = Release|Any CPU
	EndGlobalSection
	GlobalSection(ProjectConfigurationPlatforms) = postSolution
		{68C2F5A9-303D-4679-BD47-F77EB84448BC}.Debug|Any CPU.ActiveCfg = Debug|Any CPU
		{68C2F5A9-303D-4679-BD47-F77EB84448BC}.Debug|Any CPU.Build.0 = Debug|Any CPU
		{68C2F5A9-303D-4679-BD47-F77EB84448BC}.Release|Any CPU.ActiveCfg = Release|Any CPU
		{68C2F5A9-303D-4679-BD47-F77EB84448BC}.Release|Any CPU.Build.0 = Release|Any CPU
	EndGlobalSection
	GlobalSection(SolutionProperties) = preSolution
		HideSolutionNode = FALSE
	EndGlobalSection
	GlobalSection(ExtensibilityGlobals) = postSolution
		SolutionGuid = {C42AA3CA-3D9B-49D3-B1EF-5C5DEBE61835}
	EndGlobalSection
EndGlobal
